PODS:
  - YYCategories (1.0.4):
    - YYCategories/no-arc (= 1.0.4)
  - YYCategories/no-arc (1.0.4)

DEPENDENCIES:
  - YYCategories

SPEC REPOS:
  https://github.com/cocoapods/specs.git:
    - YYCategories

SPEC CHECKSUMS:
  YYCategories: 6bcd4314c6661a561410dce4a793379ebd306abd

PODFILE CHECKSUM: 1fc8c72e0f3b611bb71212cb46bec6dd65e92e29

COCOAPODS: 1.5.3
